
Microsoft Visual Studio Solution File, Format Version 12.00
Project("{FAE04EC0-301F-11D3-BF4B-00C04F79EFBC}") = "OurApp.Consumer", "OurApp.Consumer\OurApp.Consumer.csproj", "{A89FFC85-30EF-4CEC-B521-807411132887}"
EndProject
Project("{FAE04EC0-301F-11D3-BF4B-00C04F79EFBC}") = "OurApp", "OurApp\OurApp.csproj", "{F6B1DCD4-7EC1-4A44-885F-63BD3F959B8F}"
EndProject
Project("{FAE04EC0-301F-11D3-BF4B-00C04F79EFBC}") = "OurApp.Tests", "OurApp.Tests\OurApp.Tests.csproj", "{F239DCEB-8AB3-465A-9BA9-DEB8857A76EB}"
EndProject
Global
	GlobalSection(SolutionConfigurationPlatforms) = preSolution
		Debug|Any CPU = Debug|Any CPU
		Release|Any CPU = Release|Any CPU
	EndGlobalSection
	GlobalSection(ProjectConfigurationPlatforms) = postSolution
		{A89FFC85-30EF-4CEC-B521-807411132887}.Debug|Any CPU.ActiveCfg = Debug|Any CPU
		{A89FFC85-30EF-4CEC-B521-807411132887}.Debug|Any CPU.Build.0 = Debug|Any CPU
		{A89FFC85-30EF-4CEC-B521-807411132887}.Release|Any CPU.ActiveCfg = Release|Any CPU
		{A89FFC85-30EF-4CEC-B521-807411132887}.Release|Any CPU.Build.0 = Release|Any CPU
		{F6B1DCD4-7EC1-4A44-885F-63BD3F959B8F}.Debug|Any CPU.ActiveCfg = Debug|Any CPU
		{F6B1DCD4-7EC1-4A44-885F-63BD3F959B8F}.Debug|Any CPU.Build.0 = Debug|Any CPU
		{F6B1DCD4-7EC1-4A44-885F-63BD3F959B8F}.Release|Any CPU.ActiveCfg = Release|Any CPU
		{F6B1DCD4-7EC1-4A44-885F-63BD3F959B8F}.Release|Any CPU.Build.0 = Release|Any CPU
		{F239DCEB-8AB3-465A-9BA9-DEB8857A76EB}.Debug|Any CPU.ActiveCfg = Debug|Any CPU
		{F239DCEB-8AB3-465A-9BA9-DEB8857A76EB}.Debug|Any CPU.Build.0 = Debug|Any CPU
		{F239DCEB-8AB3-465A-9BA9-DEB8857A76EB}.Release|Any CPU.ActiveCfg = Release|Any CPU
		{F239DCEB-8AB3-465A-9BA9-DEB8857A76EB}.Release|Any CPU.Build.0 = Release|Any CPU
	EndGlobalSection
EndGlobal
